<?xml version="1.0" encoding="utf-8"?>
<Project ToolsVersion="4.0" xmlns="http://schemas.microsoft.com/developer/msbuild/2003">
  <ItemGroup>
    <Filter Include="Source Files">
      <UniqueIdentifier>{4FC737F1-C7A5-4376-A066-2A32D752A2FF}</UniqueIdentifier>
      <Extensions>cpp;c;cc;cxx;def;odl;idl;hpj;bat;asm;asmx</Extensions>
    </Filter>
    <Filter Include="Header Files">
      <UniqueIdentifier>{93995380-89BD-4b04-88EB-625FBE52EBFB}</UniqueIdentifier>
      <Extensions>h;hh;hpp;hxx;hm;inl;inc;xsd</Extensions>
    </Filter>
    <Filter Include="Resource Files">
      <UniqueIdentifier>{67DA6AB6-F800-4c08-8B7A-83BB121AAD01}</UniqueIdentifier>
      <Extensions>rc;ico;cur;bmp;dlg;rc2;rct;bin;rgs;gif;jpg;jpeg;jpe;resx;tiff;tif;png;wav;mfcribbon-ms</Extensions>
    </Filter>
  </ItemGroup>
  <ItemGroup>
    <ClInclude Include="include\util\TypeEnumerator.h">
      <Filter>Header Files</Filter>
    </ClInclude>
    <ClInclude Include="include\util\EntityMap.h">
      <Filter>Header Files</Filter>
    </ClInclude>
    <ClInclude Include="include\managers\ComponentManager.h">
      <Filter>Header Files</Filter>
    </ClInclude>
    <ClInclude Include="include\managers\EntityManager.h">
      <Filter>Header Files</Filter>
    </ClInclude>
    <ClInclude Include="include\util\dynamic_bitset.h">
      <Filter>Header Files</Filter>
    </ClInclude>
    <ClInclude Include="include\util\combined_hash.h">
      <Filter>Header Files</Filter>
    </ClInclude>
    <ClInclude Include="include\managers\Manager.h">
      <Filter>Header Files</Filter>
    </ClInclude>
    <ClInclude Include="include\coment\managers\ComponentManager.h">
      <Filter>Header Files</Filter>
    </ClInclude>
    <ClInclude Include="include\coment\managers\EntityManager.h">
      <Filter>Header Files</Filter>
    </ClInclude>
    <ClInclude Include="include\coment\managers\Manager.h">
      <Filter>Header Files</Filter>
    </ClInclude>
    <ClInclude Include="include\coment\util\combined_hash.h">
      <Filter>Header Files</Filter>
    </ClInclude>
    <ClInclude Include="include\coment\util\dynamic_bitset.h">
      <Filter>Header Files</Filter>
    </ClInclude>
    <ClInclude Include="include\coment\util\EntityMap.h">
      <Filter>Header Files</Filter>
    </ClInclude>
    <ClInclude Include="include\coment\util\TypeEnumerator.h">
      <Filter>Header Files</Filter>
    </ClInclude>
    <ClInclude Include="include\coment\DLL.h">
      <Filter>Header Files</Filter>
    </ClInclude>
    <ClInclude Include="include\coment\Entity.h">
      <Filter>Header Files</Filter>
    </ClInclude>
    <ClInclude Include="include\coment\World.h">
      <Filter>Header Files</Filter>
    </ClInclude>
    <ClInclude Include="include\coment\systems\System.h">
      <Filter>Header Files</Filter>
    </ClInclude>
    <ClInclude Include="include\coment\systems\EntitySystem.h">
      <Filter>Header Files</Filter>
    </ClInclude>
    <ClInclude Include="include\coment\reflection\TypeRegistry.h">
      <Filter>Header Files</Filter>
    </ClInclude>
    <ClInclude Include="include\coment\reflection\Macros.h">
      <Filter>Header Files</Filter>
    </ClInclude>
    <ClInclude Include="include\coment\reflection\MemberOffset.h">
      <Filter>Header Files</Filter>
    </ClInclude>
    <ClInclude Include="include\coment\Component.h">
      <Filter>Header Files</Filter>
    </ClInclude>
    <ClInclude Include="include\coment\util\TypeMap.h">
      <Filter>Header Files</Filter>
    </ClInclude>
  </ItemGroup>
  <ItemGroup>
    <ClCompile Include="src\managers\EntityManager.cpp">
      <Filter>Source Files</Filter>
    </ClCompile>
    <ClCompile Include="src\managers\ComponentManager.cpp">
      <Filter>Source Files</Filter>
    </ClCompile>
    <ClCompile Include="src\World.cpp">
      <Filter>Source Files</Filter>
    </ClCompile>
    <ClCompile Include="src\reflection\TypeRegistry.cpp">
      <Filter>Source Files</Filter>
    </ClCompile>
  </ItemGroup>
  <ItemGroup>
    <None Include="include\util\EntityMap.inl">
      <Filter>Header Files</Filter>
    </None>
    <None Include="include\util\TypeEnumerator.inl">
      <Filter>Header Files</Filter>
    </None>
    <None Include="include\coment\util\EntityMap.inl">
      <Filter>Header Files</Filter>
    </None>
    <None Include="include\coment\util\TypeEnumerator.inl">
      <Filter>Header Files</Filter>
    </None>
    <None Include="include\coment\managers\EntityManager.inl">
      <Filter>Header Files</Filter>
    </None>
    <None Include="include\coment\managers\ComponentManager.inl">
      <Filter>Header Files</Filter>
    </None>
    <None Include="include\coment\Entity.inl">
      <Filter>Header Files</Filter>
    </None>
    <None Include="include\coment\systems\EntitySystem.inl">
      <Filter>Header Files</Filter>
    </None>
  </ItemGroup>
</Project>